
Microsoft Visual Studio Solution File, Format Version 12.00
# Visual Studio Version 17
VisualStudioVersion = 17.1.32421.90
MinimumVisualStudioVersion = 10.0.40219.1
Project("{FAE04EC0-301F-11D3-BF4B-00C04F79EFBC}") = "TaikuriApp", "TaikuriApp\TaikuriApp.csproj", "{8372E180-78BA-4431-B5CC-3A69E504739F}"
EndProject
Global
	GlobalSection(SolutionConfigurationPlatforms) = preSolution
		Debug|Any CPU = Debug|Any CPU
		Release|Any CPU = Release|Any CPU
	EndGlobalSection
	GlobalSection(ProjectConfigurationPlatforms) = postSolution
		{8372E180-78BA-4431-B5CC-3A69E504739F}.Debug|Any CPU.ActiveCfg = Debug|Any CPU
		{8372E180-78BA-4431-B5CC-3A69E504739F}.Debug|Any CPU.Build.0 = Debug|Any CPU
		{8372E180-78BA-4431-B5CC-3A69E504739F}.Release|Any CPU.ActiveCfg = Release|Any CPU
		{8372E180-78BA-4431-B5CC-3A69E504739F}.Release|Any CPU.Build.0 = Release|Any CPU
	EndGlobalSection
	GlobalSection(SolutionProperties) = preSolution
		HideSolutionNode = FALSE
	EndGlobalSection
	GlobalSection(ExtensibilityGlobals) = postSolution
		SolutionGuid = {1E5F1058-A382-49C5-85C1-1EE193C22477}
	EndGlobalSection
EndGlobal
